
Microsoft Visual Studio Solution File, Format Version 12.00
# Visual Studio 2012
Project("{FAE04EC0-301F-11D3-BF4B-00C04F79EFBC}") = "JCampon.MongoDB", "MongoDB\JCampon.MongoDB.csproj", "{6E43135B-760F-44F3-889F-D1EE446CE71D}"
EndProject
Project("{FAE04EC0-301F-11D3-BF4B-00C04F79EFBC}") = "JCampon.MongoDB.Tests", "MongoDB.Tests\JCampon.MongoDB.Tests.csproj", "{198D751A-B22E-4859-B94C-52E021661B89}"
EndProject
Project("{2150E333-8FDC-42A3-9474-1A3956D46DE8}") = "JCampon.MongoDB", "JCampon.MongoDB", "{51B64850-D55A-478D-8CA8-D0E22479BCE1}"
EndProject
Project("{2150E333-8FDC-42A3-9474-1A3956D46DE8}") = ".nuget", ".nuget", "{5C86B047-F9FB-4176-9A44-FAA405EE746B}"
	ProjectSection(SolutionItems) = preProject
		.nuget\packages.config = .nuget\packages.config
	EndProjectSection
EndProject
Global
	GlobalSection(SolutionConfigurationPlatforms) = preSolution
		Debug|Any CPU = Debug|Any CPU
		Release|Any CPU = Release|Any CPU
	EndGlobalSection
	GlobalSection(ProjectConfigurationPlatforms) = postSolution
		{6E43135B-760F-44F3-889F-D1EE446CE71D}.Debug|Any CPU.ActiveCfg = Debug|Any CPU
		{6E43135B-760F-44F3-889F-D1EE446CE71D}.Debug|Any CPU.Build.0 = Debug|Any CPU
		{6E43135B-760F-44F3-889F-D1EE446CE71D}.Release|Any CPU.ActiveCfg = Release|Any CPU
		{6E43135B-760F-44F3-889F-D1EE446CE71D}.Release|Any CPU.Build.0 = Release|Any CPU
		{198D751A-B22E-4859-B94C-52E021661B89}.Debug|Any CPU.ActiveCfg = Debug|Any CPU
		{198D751A-B22E-4859-B94C-52E021661B89}.Debug|Any CPU.Build.0 = Debug|Any CPU
		{198D751A-B22E-4859-B94C-52E021661B89}.Release|Any CPU.ActiveCfg = Release|Any CPU
		{198D751A-B22E-4859-B94C-52E021661B89}.Release|Any CPU.Build.0 = Release|Any CPU
	EndGlobalSection
	GlobalSection(SolutionProperties) = preSolution
		HideSolutionNode = FALSE
	EndGlobalSection
	GlobalSection(NestedProjects) = preSolution
		{198D751A-B22E-4859-B94C-52E021661B89} = {51B64850-D55A-478D-8CA8-D0E22479BCE1}
		{6E43135B-760F-44F3-889F-D1EE446CE71D} = {51B64850-D55A-478D-8CA8-D0E22479BCE1}
	EndGlobalSection
EndGlobal
